
Microsoft Visual Studio Solution File, Format Version 12.00
# Visual Studio Version 17
VisualStudioVersion = 17.14.36301.6 d17.14
MinimumVisualStudioVersion = 10.0.40219.1
Project("{FAE04EC0-301F-11D3-BF4B-00C04F79EFBC}") = "WebApi", "WebApi\WebApi.csproj", "{50148EEF-60A9-45FC-BC38-2D06469FFE72}"
EndProject
Project("{FAE04EC0-301F-11D3-BF4B-00C04F79EFBC}") = "FrontEnd", "FrontEnd\FrontEnd.csproj", "{D061ACB7-046E-4F73-BF9D-689A748A2F12}"
EndProject
Global
	GlobalSection(SolutionConfigurationPlatforms) = preSolution
		Debug|Any CPU = Debug|Any CPU
		Release|Any CPU = Release|Any CPU
	EndGlobalSection
	GlobalSection(ProjectConfigurationPlatforms) = postSolution
		{50148EEF-60A9-45FC-BC38-2D06469FFE72}.Debug|Any CPU.ActiveCfg = Debug|Any CPU
		{50148EEF-60A9-45FC-BC38-2D06469FFE72}.Debug|Any CPU.Build.0 = Debug|Any CPU
		{50148EEF-60A9-45FC-BC38-2D06469FFE72}.Release|Any CPU.ActiveCfg = Release|Any CPU
		{50148EEF-60A9-45FC-BC38-2D06469FFE72}.Release|Any CPU.Build.0 = Release|Any CPU
		{D061ACB7-046E-4F73-BF9D-689A748A2F12}.Debug|Any CPU.ActiveCfg = Debug|Any CPU
		{D061ACB7-046E-4F73-BF9D-689A748A2F12}.Debug|Any CPU.Build.0 = Debug|Any CPU
		{D061ACB7-046E-4F73-BF9D-689A748A2F12}.Release|Any CPU.ActiveCfg = Release|Any CPU
		{D061ACB7-046E-4F73-BF9D-689A748A2F12}.Release|Any CPU.Build.0 = Release|Any CPU
	EndGlobalSection
	GlobalSection(SolutionProperties) = preSolution
		HideSolutionNode = FALSE
	EndGlobalSection
	GlobalSection(ExtensibilityGlobals) = postSolution
		SolutionGuid = {2CEFD3D9-96DF-4B37-96CE-8E2BDE687457}
	EndGlobalSection
EndGlobal
